
Microsoft Visual Studio Solution File, Format Version 12.00
# Visual Studio Version 16
VisualStudioVersion = 16.0.31205.134
MinimumVisualStudioVersion = 10.0.40219.1
Project("{9A19103F-16F7-4668-BE54-9A1E7A4F7556}") = "CD.API", "src\CD.API\CD.API.csproj", "{865CE7B8-F319-4569-ADC4-DF29B81F8C48}"
EndProject
Project("{FAE04EC0-301F-11D3-BF4B-00C04F79EFBC}") = "CD.Domain", "src\CD.Domain\CD.Domain.csproj", "{3C20FC18-3290-47FC-8FA2-42E57891D558}"
EndProject
Project("{FAE04EC0-301F-11D3-BF4B-00C04F79EFBC}") = "CD.Infra", "src\CD.Data\CD.Infra\CD.Infra.csproj", "{AD7AA253-A44F-4B77-A6BA-6163C2B2F7CE}"
EndProject
Global
	GlobalSection(SolutionConfigurationPlatforms) = preSolution
		Debug|Any CPU = Debug|Any CPU
		Release|Any CPU = Release|Any CPU
	EndGlobalSection
	GlobalSection(ProjectConfigurationPlatforms) = postSolution
		{865CE7B8-F319-4569-ADC4-DF29B81F8C48}.Debug|Any CPU.ActiveCfg = Debug|Any CPU
		{865CE7B8-F319-4569-ADC4-DF29B81F8C48}.Debug|Any CPU.Build.0 = Debug|Any CPU
		{865CE7B8-F319-4569-ADC4-DF29B81F8C48}.Release|Any CPU.ActiveCfg = Release|Any CPU
		{865CE7B8-F319-4569-ADC4-DF29B81F8C48}.Release|Any CPU.Build.0 = Release|Any CPU
		{3C20FC18-3290-47FC-8FA2-42E57891D558}.Debug|Any CPU.ActiveCfg = Debug|Any CPU
		{3C20FC18-3290-47FC-8FA2-42E57891D558}.Debug|Any CPU.Build.0 = Debug|Any CPU
		{3C20FC18-3290-47FC-8FA2-42E57891D558}.Release|Any CPU.ActiveCfg = Release|Any CPU
		{3C20FC18-3290-47FC-8FA2-42E57891D558}.Release|Any CPU.Build.0 = Release|Any CPU
		{AD7AA253-A44F-4B77-A6BA-6163C2B2F7CE}.Debug|Any CPU.ActiveCfg = Debug|Any CPU
		{AD7AA253-A44F-4B77-A6BA-6163C2B2F7CE}.Debug|Any CPU.Build.0 = Debug|Any CPU
		{AD7AA253-A44F-4B77-A6BA-6163C2B2F7CE}.Release|Any CPU.ActiveCfg = Release|Any CPU
		{AD7AA253-A44F-4B77-A6BA-6163C2B2F7CE}.Release|Any CPU.Build.0 = Release|Any CPU
	EndGlobalSection
	GlobalSection(SolutionProperties) = preSolution
		HideSolutionNode = FALSE
	EndGlobalSection
	GlobalSection(ExtensibilityGlobals) = postSolution
		SolutionGuid = {26DE203E-711A-4664-9DF7-0B6E9DFE028D}
	EndGlobalSection
EndGlobal
